// !$*UTF8*$!
{
	archiveVersion = 1;
	classes = {
	};
	objectVersion = 56;
	objects = {

/* Begin PBXBuildFile section */
		D169095B2983660A00F8B1B4 /* AppDelegate.swift in Sources */ = {isa = PBXBuildFile; fileRef = D169095A2983660A00F8B1B4 /* AppDelegate.swift */; };
		D169095D2983660A00F8B1B4 /* SceneDelegate.swift in Sources */ = {isa = PBXBuildFile; fileRef = D169095C2983660A00F8B1B4 /* SceneDelegate.swift */; };
		D16909642983660B00F8B1B4 /* Assets.xcassets in Resources */ = {isa = PBXBuildFile; fileRef = D16909632983660B00F8B1B4 /* Assets.xcassets */; };
		D16909672983660B00F8B1B4 /* LaunchScreen.storyboard in Resources */ = {isa = PBXBuildFile; fileRef = D16909652983660B00F8B1B4 /* LaunchScreen.storyboard */; };
		D16909722983660B00F8B1B4 /* imgur_galleryTests.swift in Sources */ = {isa = PBXBuildFile; fileRef = D16909712983660B00F8B1B4 /* imgur_galleryTests.swift */; };
		D169097C2983660B00F8B1B4 /* imgur_galleryUITests.swift in Sources */ = {isa = PBXBuildFile; fileRef = D169097B2983660B00F8B1B4 /* imgur_galleryUITests.swift */; };
		D169097E2983660B00F8B1B4 /* imgur_galleryUITestsLaunchTests.swift in Sources */ = {isa = PBXBuildFile; fileRef = D169097D2983660B00F8B1B4 /* imgur_galleryUITestsLaunchTests.swift */; };
		D169098C2983671800F8B1B4 /* GalleryConfigurator.swift in Sources */ = {isa = PBXBuildFile; fileRef = D169098B2983671800F8B1B4 /* GalleryConfigurator.swift */; };
		D169098E2983672200F8B1B4 /* GalleryViewController.swift in Sources */ = {isa = PBXBuildFile; fileRef = D169098D2983672200F8B1B4 /* GalleryViewController.swift */; };
		D16909902983673200F8B1B4 /* GalleryInteractor.swift in Sources */ = {isa = PBXBuildFile; fileRef = D169098F2983673200F8B1B4 /* GalleryInteractor.swift */; };
		D16909922983673F00F8B1B4 /* GalleryPresenter.swift in Sources */ = {isa = PBXBuildFile; fileRef = D16909912983673F00F8B1B4 /* GalleryPresenter.swift */; };
		D16909952983699000F8B1B4 /* UIView.swift in Sources */ = {isa = PBXBuildFile; fileRef = D16909942983699000F8B1B4 /* UIView.swift */; };
		D169099729836BC000F8B1B4 /* CodedView.swift in Sources */ = {isa = PBXBuildFile; fileRef = D169099629836BC000F8B1B4 /* CodedView.swift */; };
		D16909A12983958500F8B1B4 /* ImgurRequest.swift in Sources */ = {isa = PBXBuildFile; fileRef = D16909A02983958500F8B1B4 /* ImgurRequest.swift */; };
		D16909A32983962100F8B1B4 /* ImgurEntity.swift in Sources */ = {isa = PBXBuildFile; fileRef = D16909A22983962100F8B1B4 /* ImgurEntity.swift */; };
		D16909A5298396B700F8B1B4 /* NetworkService.swift in Sources */ = {isa = PBXBuildFile; fileRef = D16909A4298396B700F8B1B4 /* NetworkService.swift */; };
/* End PBXBuildFile section */

/* Begin PBXContainerItemProxy section */
		D169096E2983660B00F8B1B4 /* PBXContainerItemProxy */ = {
			isa = PBXContainerItemProxy;
			containerPortal = D169094F2983660A00F8B1B4 /* Project object */;
			proxyType = 1;
			remoteGlobalIDString = D16909562983660A00F8B1B4;
			remoteInfo = "imgur-gallery";
		};
		D16909782983660B00F8B1B4 /* PBXContainerItemProxy */ = {
			isa = PBXContainerItemProxy;
			containerPortal = D169094F2983660A00F8B1B4 /* Project object */;
			proxyType = 1;
			remoteGlobalIDString = D16909562983660A00F8B1B4;
			remoteInfo = "imgur-gallery";
		};
/* End PBXContainerItemProxy section */

/* Begin PBXFileReference section */
		D16909572983660A00F8B1B4 /* imgur-gallery.app */ = {isa = PBXFileReference; explicitFileType = wrapper.application; includeInIndex = 0; path = "imgur-gallery.app"; sourceTree = BUILT_PRODUCTS_DIR; };
		D169095A2983660A00F8B1B4 /* AppDelegate.swift */ = {isa = PBXFileReference; lastKnownFileType = sourcecode.swift; path = AppDelegate.swift; sourceTree = "<group>"; };
		D169095C2983660A00F8B1B4 /* SceneDelegate.swift */ = {isa = PBXFileReference; lastKnownFileType = sourcecode.swift; path = SceneDelegate.swift; sourceTree = "<group>"; };
		D16909632983660B00F8B1B4 /* Assets.xcassets */ = {isa = PBXFileReference; lastKnownFileType = folder.assetcatalog; path = Assets.xcassets; sourceTree = "<group>"; };
		D16909662983660B00F8B1B4 /* Base */ = {isa = PBXFileReference; lastKnownFileType = file.storyboard; name = Base; path = Base.lproj/LaunchScreen.storyboard; sourceTree = "<group>"; };
		D16909682983660B00F8B1B4 /* Info.plist */ = {isa = PBXFileReference; lastKnownFileType = text.plist.xml; path = Info.plist; sourceTree = "<group>"; };
		D169096D2983660B00F8B1B4 /* imgur-galleryTests.xctest */ = {isa = PBXFileReference; explicitFileType = wrapper.cfbundle; includeInIndex = 0; path = "imgur-galleryTests.xctest"; sourceTree = BUILT_PRODUCTS_DIR; };
		D16909712983660B00F8B1B4 /* imgur_galleryTests.swift */ = {isa = PBXFileReference; lastKnownFileType = sourcecode.swift; path = imgur_galleryTests.swift; sourceTree = "<group>"; };
		D16909772983660B00F8B1B4 /* imgur-galleryUITests.xctest */ = {isa = PBXFileReference; explicitFileType = wrapper.cfbundle; includeInIndex = 0; path = "imgur-galleryUITests.xctest"; sourceTree = BUILT_PRODUCTS_DIR; };
		D169097B2983660B00F8B1B4 /* imgur_galleryUITests.swift */ = {isa = PBXFileReference; lastKnownFileType = sourcecode.swift; path = imgur_galleryUITests.swift; sourceTree = "<group>"; };
		D169097D2983660B00F8B1B4 /* imgur_galleryUITestsLaunchTests.swift */ = {isa = PBXFileReference; lastKnownFileType = sourcecode.swift; path = imgur_galleryUITestsLaunchTests.swift; sourceTree = "<group>"; };
		D169098B2983671800F8B1B4 /* GalleryConfigurator.swift */ = {isa = PBXFileReference; lastKnownFileType = sourcecode.swift; path = GalleryConfigurator.swift; sourceTree = "<group>"; };
		D169098D2983672200F8B1B4 /* GalleryViewController.swift */ = {isa = PBXFileReference; lastKnownFileType = sourcecode.swift; path = GalleryViewController.swift; sourceTree = "<group>"; };
		D169098F2983673200F8B1B4 /* GalleryInteractor.swift */ = {isa = PBXFileReference; lastKnownFileType = sourcecode.swift; path = GalleryInteractor.swift; sourceTree = "<group>"; };
		D16909912983673F00F8B1B4 /* GalleryPresenter.swift */ = {isa = PBXFileReference; lastKnownFileType = sourcecode.swift; path = GalleryPresenter.swift; sourceTree = "<group>"; };
		D16909942983699000F8B1B4 /* UIView.swift */ = {isa = PBXFileReference; lastKnownFileType = sourcecode.swift; path = UIView.swift; sourceTree = "<group>"; };
		D169099629836BC000F8B1B4 /* CodedView.swift */ = {isa = PBXFileReference; lastKnownFileType = sourcecode.swift; path = CodedView.swift; sourceTree = "<group>"; };
		D16909A02983958500F8B1B4 /* ImgurRequest.swift */ = {isa = PBXFileReference; lastKnownFileType = sourcecode.swift; path = ImgurRequest.swift; sourceTree = "<group>"; };
		D16909A22983962100F8B1B4 /* ImgurEntity.swift */ = {isa = PBXFileReference; lastKnownFileType = sourcecode.swift; path = ImgurEntity.swift; sourceTree = "<group>"; };
		D16909A4298396B700F8B1B4 /* NetworkService.swift */ = {isa = PBXFileReference; lastKnownFileType = sourcecode.swift; path = NetworkService.swift; sourceTree = "<group>"; };
/* End PBXFileReference section */

/* Begin PBXFrameworksBuildPhase section */
		D16909542983660A00F8B1B4 /* Frameworks */ = {
			isa = PBXFrameworksBuildPhase;
			buildActionMask = 2147483647;
			files = (
			);
			runOnlyForDeploymentPostprocessing = 0;
		};
		D169096A2983660B00F8B1B4 /* Frameworks */ = {
			isa = PBXFrameworksBuildPhase;
			buildActionMask = 2147483647;
			files = (
			);
			runOnlyForDeploymentPostprocessing = 0;
		};
		D16909742983660B00F8B1B4 /* Frameworks */ = {
			isa = PBXFrameworksBuildPhase;
			buildActionMask = 2147483647;
			files = (
			);
			runOnlyForDeploymentPostprocessing = 0;
		};
/* End PBXFrameworksBuildPhase section */

/* Begin PBXGroup section */
		D169094E2983660A00F8B1B4 = {
			isa = PBXGroup;
			children = (
				D16909592983660A00F8B1B4 /* imgur-gallery */,
				D16909702983660B00F8B1B4 /* imgur-galleryTests */,
				D169097A2983660B00F8B1B4 /* imgur-galleryUITests */,
				D16909582983660A00F8B1B4 /* Products */,
			);
			sourceTree = "<group>";
		};
		D16909582983660A00F8B1B4 /* Products */ = {
			isa = PBXGroup;
			children = (
				D16909572983660A00F8B1B4 /* imgur-gallery.app */,
				D169096D2983660B00F8B1B4 /* imgur-galleryTests.xctest */,
				D16909772983660B00F8B1B4 /* imgur-galleryUITests.xctest */,
			);
			name = Products;
			sourceTree = "<group>";
		};
		D16909592983660A00F8B1B4 /* imgur-gallery */ = {
			isa = PBXGroup;
			children = (
				D16909682983660B00F8B1B4 /* Info.plist */,
				D169095A2983660A00F8B1B4 /* AppDelegate.swift */,
				D169095C2983660A00F8B1B4 /* SceneDelegate.swift */,
				D16909632983660B00F8B1B4 /* Assets.xcassets */,
				D16909652983660B00F8B1B4 /* LaunchScreen.storyboard */,
				D16909932983697F00F8B1B4 /* Extension+helpers */,
				D169098A2983670700F8B1B4 /* Gallery */,
				D169099F2983956C00F8B1B4 /* Service */,
			);
			path = "imgur-gallery";
			sourceTree = "<group>";
		};
		D16909702983660B00F8B1B4 /* imgur-galleryTests */ = {
			isa = PBXGroup;
			children = (
				D16909712983660B00F8B1B4 /* imgur_galleryTests.swift */,
			);
			path = "imgur-galleryTests";
			sourceTree = "<group>";
		};
		D169097A2983660B00F8B1B4 /* imgur-galleryUITests */ = {
			isa = PBXGroup;
			children = (
				D169097B2983660B00F8B1B4 /* imgur_galleryUITests.swift */,
				D169097D2983660B00F8B1B4 /* imgur_galleryUITestsLaunchTests.swift */,
			);
			path = "imgur-galleryUITests";
			sourceTree = "<group>";
		};
		D169098A2983670700F8B1B4 /* Gallery */ = {
			isa = PBXGroup;
			children = (
				D16909A72983A26B00F8B1B4 /* Domain */,
				D169098B2983671800F8B1B4 /* GalleryConfigurator.swift */,
				D169098D2983672200F8B1B4 /* GalleryViewController.swift */,
				D169098F2983673200F8B1B4 /* GalleryInteractor.swift */,
				D16909912983673F00F8B1B4 /* GalleryPresenter.swift */,
			);
			path = Gallery;
			sourceTree = "<group>";
		};
		D16909932983697F00F8B1B4 /* Extension+helpers */ = {
			isa = PBXGroup;
			children = (
				D16909942983699000F8B1B4 /* UIView.swift */,
				D169099629836BC000F8B1B4 /* CodedView.swift */,
			);
			path = "Extension+helpers";
			sourceTree = "<group>";
		};
		D169099F2983956C00F8B1B4 /* Service */ = {
			isa = PBXGroup;
			children = (
				D16909A6298396BC00F8B1B4 /* Imgur */,
				D16909A4298396B700F8B1B4 /* NetworkService.swift */,
			);
			path = Service;
			sourceTree = "<group>";
		};
		D16909A6298396BC00F8B1B4 /* Imgur */ = {
			isa = PBXGroup;
			children = (
				D16909A02983958500F8B1B4 /* ImgurRequest.swift */,
				D16909A22983962100F8B1B4 /* ImgurEntity.swift */,
			);
			path = Imgur;
			sourceTree = "<group>";
		};
		D16909A72983A26B00F8B1B4 /* Domain */ = {
			isa = PBXGroup;
			children = (
			);
			path = Domain;
			sourceTree = "<group>";
		};
/* End PBXGroup section */

/* Begin PBXNativeTarget section */
		D16909562983660A00F8B1B4 /* imgur-gallery */ = {
			isa = PBXNativeTarget;
			buildConfigurationList = D16909812983660B00F8B1B4 /* Build configuration list for PBXNativeTarget "imgur-gallery" */;
			buildPhases = (
				D16909532983660A00F8B1B4 /* Sources */,
				D16909542983660A00F8B1B4 /* Frameworks */,
				D16909552983660A00F8B1B4 /* Resources */,
			);
			buildRules = (
			);
			dependencies = (
			);
			name = "imgur-gallery";
			productName = "imgur-gallery";
			productReference = D16909572983660A00F8B1B4 /* imgur-gallery.app */;
			productType = "com.apple.product-type.application";
		};
		D169096C2983660B00F8B1B4 /* imgur-galleryTests */ = {
			isa = PBXNativeTarget;
			buildConfigurationList = D16909842983660B00F8B1B4 /* Build configuration list for PBXNativeTarget "imgur-galleryTests" */;
			buildPhases = (
				D16909692983660B00F8B1B4 /* Sources */,
				D169096A2983660B00F8B1B4 /* Frameworks */,
				D169096B2983660B00F8B1B4 /* Resources */,
			);
			buildRules = (
			);
			dependencies = (
				D169096F2983660B00F8B1B4 /* PBXTargetDependency */,
			);
			name = "imgur-galleryTests";
			productName = "imgur-galleryTests";
			productReference = D169096D2983660B00F8B1B4 /* imgur-galleryTests.xctest */;
			productType = "com.apple.product-type.bundle.unit-test";
		};
		D16909762983660B00F8B1B4 /* imgur-galleryUITests */ = {
			isa = PBXNativeTarget;
			buildConfigurationList = D16909872983660B00F8B1B4 /* Build configuration list for PBXNativeTarget "imgur-galleryUITests" */;
			buildPhases = (
				D16909732983660B00F8B1B4 /* Sources */,
				D16909742983660B00F8B1B4 /* Frameworks */,
				D16909752983660B00F8B1B4 /* Resources */,
			);
			buildRules = (
			);
			dependencies = (
				D16909792983660B00F8B1B4 /* PBXTargetDependency */,
			);
			name = "imgur-galleryUITests";
			productName = "imgur-galleryUITests";
			productReference = D16909772983660B00F8B1B4 /* imgur-galleryUITests.xctest */;
			productType = "com.apple.product-type.bundle.ui-testing";
		};
/* End PBXNativeTarget section */

/* Begin PBXProject section */
		D169094F2983660A00F8B1B4 /* Project object */ = {
			isa = PBXProject;
			attributes = {
				BuildIndependentTargetsInParallel = 1;
				LastSwiftUpdateCheck = 1420;
				LastUpgradeCheck = 1420;
				TargetAttributes = {
					D16909562983660A00F8B1B4 = {
						CreatedOnToolsVersion = 14.2;
					};
					D169096C2983660B00F8B1B4 = {
						CreatedOnToolsVersion = 14.2;
						TestTargetID = D16909562983660A00F8B1B4;
					};
					D16909762983660B00F8B1B4 = {
						CreatedOnToolsVersion = 14.2;
						TestTargetID = D16909562983660A00F8B1B4;
					};
				};
			};
			buildConfigurationList = D16909522983660A00F8B1B4 /* Build configuration list for PBXProject "imgur-gallery" */;
			compatibilityVersion = "Xcode 14.0";
			developmentRegion = en;
			hasScannedForEncodings = 0;
			knownRegions = (
				en,
				Base,
			);
			mainGroup = D169094E2983660A00F8B1B4;
			productRefGroup = D16909582983660A00F8B1B4 /* Products */;
			projectDirPath = "";
			projectRoot = "";
			targets = (
				D16909562983660A00F8B1B4 /* imgur-gallery */,
				D169096C2983660B00F8B1B4 /* imgur-galleryTests */,
				D16909762983660B00F8B1B4 /* imgur-galleryUITests */,
			);
		};
/* End PBXProject section */

/* Begin PBXResourcesBuildPhase section */
		D16909552983660A00F8B1B4 /* Resources */ = {
			isa = PBXResourcesBuildPhase;
			buildActionMask = 2147483647;
			files = (
				D16909672983660B00F8B1B4 /* LaunchScreen.storyboard in Resources */,
				D16909642983660B00F8B1B4 /* Assets.xcassets in Resources */,
			);
			runOnlyForDeploymentPostprocessing = 0;
		};
		D169096B2983660B00F8B1B4 /* Resources */ = {
			isa = PBXResourcesBuildPhase;
			buildActionMask = 2147483647;
			files = (
			);
			runOnlyForDeploymentPostprocessing = 0;
		};
		D16909752983660B00F8B1B4 /* Resources */ = {
			isa = PBXResourcesBuildPhase;
			buildActionMask = 2147483647;
			files = (
			);
			runOnlyForDeploymentPostprocessing = 0;
		};
/* End PBXResourcesBuildPhase section */

/* Begin PBXSourcesBuildPhase section */
		D16909532983660A00F8B1B4 /* Sources */ = {
			isa = PBXSourcesBuildPhase;
			buildActionMask = 2147483647;
			files = (
				D16909952983699000F8B1B4 /* UIView.swift in Sources */,
				D169099729836BC000F8B1B4 /* CodedView.swift in Sources */,
				D16909922983673F00F8B1B4 /* GalleryPresenter.swift in Sources */,
				D16909A32983962100F8B1B4 /* ImgurEntity.swift in Sources */,
				D169095B2983660A00F8B1B4 /* AppDelegate.swift in Sources */,
				D169098E2983672200F8B1B4 /* GalleryViewController.swift in Sources */,
				D169095D2983660A00F8B1B4 /* SceneDelegate.swift in Sources */,
				D169098C2983671800F8B1B4 /* GalleryConfigurator.swift in Sources */,
				D16909A12983958500F8B1B4 /* ImgurRequest.swift in Sources */,
				D16909902983673200F8B1B4 /* GalleryInteractor.swift in Sources */,
				D16909A5298396B700F8B1B4 /* NetworkService.swift in Sources */,
			);
			runOnlyForDeploymentPostprocessing = 0;
		};
		D16909692983660B00F8B1B4 /* Sources */ = {
			isa = PBXSourcesBuildPhase;
			buildActionMask = 2147483647;
			files = (
				D16909722983660B00F8B1B4 /* imgur_galleryTests.swift in Sources */,
			);
			runOnlyForDeploymentPostprocessing = 0;
		};
		D16909732983660B00F8B1B4 /* Sources */ = {
			isa = PBXSourcesBuildPhase;
			buildActionMask = 2147483647;
			files = (
				D169097E2983660B00F8B1B4 /* imgur_galleryUITestsLaunchTests.swift in Sources */,
				D169097C2983660B00F8B1B4 /* imgur_galleryUITests.swift in Sources */,
			);
			runOnlyForDeploymentPostprocessing = 0;
		};
/* End PBXSourcesBuildPhase section */

/* Begin PBXTargetDependency section */
		D169096F2983660B00F8B1B4 /* PBXTargetDependency */ = {
			isa = PBXTargetDependency;
			target = D16909562983660A00F8B1B4 /* imgur-gallery */;
			targetProxy = D169096E2983660B00F8B1B4 /* PBXContainerItemProxy */;
		};
		D16909792983660B00F8B1B4 /* PBXTargetDependency */ = {
			isa = PBXTargetDependency;
			target = D16909562983660A00F8B1B4 /* imgur-gallery */;
			targetProxy = D16909782983660B00F8B1B4 /* PBXContainerItemProxy */;
		};
/* End PBXTargetDependency section */

/* Begin PBXVariantGroup section */
		D16909652983660B00F8B1B4 /* LaunchScreen.storyboard */ = {
			isa = PBXVariantGroup;
			children = (
				D16909662983660B00F8B1B4 /* Base */,
			);
			name = LaunchScreen.storyboard;
			sourceTree = "<group>";
		};
/* End PBXVariantGroup section */

/* Begin XCBuildConfiguration section */
		D169097F2983660B00F8B1B4 /* Debug */ = {
			isa = XCBuildConfiguration;
			buildSettings = {
				ALWAYS_SEARCH_USER_PATHS = NO;
				CLANG_ANALYZER_NONNULL = YES;
				CLANG_ANALYZER_NUMBER_OBJECT_CONVERSION = YES_AGGRESSIVE;
				CLANG_CXX_LANGUAGE_STANDARD = "gnu++20";
				CLANG_ENABLE_MODULES = YES;
				CLANG_ENABLE_OBJC_ARC = YES;
				CLANG_ENABLE_OBJC_WEAK = YES;
				CLANG_WARN_BLOCK_CAPTURE_AUTORELEASING = YES;
				CLANG_WARN_BOOL_CONVERSION = YES;
				CLANG_WARN_COMMA = YES;
				CLANG_WARN_CONSTANT_CONVERSION = YES;
				CLANG_WARN_DEPRECATED_OBJC_IMPLEMENTATIONS = YES;
				CLANG_WARN_DIRECT_OBJC_ISA_USAGE = YES_ERROR;
				CLANG_WARN_DOCUMENTATION_COMMENTS = YES;
				CLANG_WARN_EMPTY_BODY = YES;
				CLANG_WARN_ENUM_CONVERSION = YES;
				CLANG_WARN_INFINITE_RECURSION = YES;
				CLANG_WARN_INT_CONVERSION = YES;
				CLANG_WARN_NON_LITERAL_NULL_CONVERSION = YES;
				CLANG_WARN_OBJC_IMPLICIT_RETAIN_SELF = YES;
				CLANG_WARN_OBJC_LITERAL_CONVERSION = YES;
				CLANG_WARN_OBJC_ROOT_CLASS = YES_ERROR;
				CLANG_WARN_QUOTED_INCLUDE_IN_FRAMEWORK_HEADER = YES;
				CLANG_WARN_RANGE_LOOP_ANALYSIS = YES;
				CLANG_WARN_STRICT_PROTOTYPES = YES;
				CLANG_WARN_SUSPICIOUS_MOVE = YES;
				CLANG_WARN_UNGUARDED_AVAILABILITY = YES_AGGRESSIVE;
				CLANG_WARN_UNREACHABLE_CODE = YES;
				CLANG_WARN__DUPLICATE_METHOD_MATCH = YES;
				COPY_PHASE_STRIP = NO;
				DEBUG_INFORMATION_FORMAT = dwarf;
				ENABLE_STRICT_OBJC_MSGSEND = YES;
				ENABLE_TESTABILITY = YES;
				GCC_C_LANGUAGE_STANDARD = gnu11;
				GCC_DYNAMIC_NO_PIC = NO;
				GCC_NO_COMMON_BLOCKS = YES;
				GCC_OPTIMIZATION_LEVEL = 0;
				GCC_PREPROCESSOR_DEFINITIONS = (
					"DEBUG=1",
					"$(inherited)",
				);
				GCC_WARN_64_TO_32_BIT_CONVERSION = YES;
				GCC_WARN_ABOUT_RETURN_TYPE = YES_ERROR;
				GCC_WARN_UNDECLARED_SELECTOR = YES;
				GCC_WARN_UNINITIALIZED_AUTOS = YES_AGGRESSIVE;
				GCC_WARN_UNUSED_FUNCTION = YES;
				GCC_WARN_UNUSED_VARIABLE = YES;
				IPHONEOS_DEPLOYMENT_TARGET = 13.0;
				MTL_ENABLE_DEBUG_INFO = INCLUDE_SOURCE;
				MTL_FAST_MATH = YES;
				ONLY_ACTIVE_ARCH = YES;
				SDKROOT = iphoneos;
				SWIFT_ACTIVE_COMPILATION_CONDITIONS = DEBUG;
				SWIFT_OPTIMIZATION_LEVEL = "-Onone";
			};
			name = Debug;
		};
		D16909802983660B00F8B1B4 /* Release */ = {
			isa = XCBuildConfiguration;
			buildSettings = {
				ALWAYS_SEARCH_USER_PATHS = NO;
				CLANG_ANALYZER_NONNULL = YES;
				CLANG_ANALYZER_NUMBER_OBJECT_CONVERSION = YES_AGGRESSIVE;
				CLANG_CXX_LANGUAGE_STANDARD = "gnu++20";
				CLANG_ENABLE_MODULES = YES;
				CLANG_ENABLE_OBJC_ARC = YES;
				CLANG_ENABLE_OBJC_WEAK = YES;
				CLANG_WARN_BLOCK_CAPTURE_AUTORELEASING = YES;
				CLANG_WARN_BOOL_CONVERSION = YES;
				CLANG_WARN_COMMA = YES;
				CLANG_WARN_CONSTANT_CONVERSION = YES;
				CLANG_WARN_DEPRECATED_OBJC_IMPLEMENTATIONS = YES;
				CLANG_WARN_DIRECT_OBJC_ISA_USAGE = YES_ERROR;
				CLANG_WARN_DOCUMENTATION_COMMENTS = YES;
				CLANG_WARN_EMPTY_BODY = YES;
				CLANG_WARN_ENUM_CONVERSION = YES;
				CLANG_WARN_INFINITE_RECURSION = YES;
				CLANG_WARN_INT_CONVERSION = YES;
				CLANG_WARN_NON_LITERAL_NULL_CONVERSION = YES;
				CLANG_WARN_OBJC_IMPLICIT_RETAIN_SELF = YES;
				CLANG_WARN_OBJC_LITERAL_CONVERSION = YES;
				CLANG_WARN_OBJC_ROOT_CLASS = YES_ERROR;
				CLANG_WARN_QUOTED_INCLUDE_IN_FRAMEWORK_HEADER = YES;
				CLANG_WARN_RANGE_LOOP_ANALYSIS = YES;
				CLANG_WARN_STRICT_PROTOTYPES = YES;
				CLANG_WARN_SUSPICIOUS_MOVE = YES;
				CLANG_WARN_UNGUARDED_AVAILABILITY = YES_AGGRESSIVE;
				CLANG_WARN_UNREACHABLE_CODE = YES;
				CLANG_WARN__DUPLICATE_METHOD_MATCH = YES;
				COPY_PHASE_STRIP = NO;
				DEBUG_INFORMATION_FORMAT = "dwarf-with-dsym";
				ENABLE_NS_ASSERTIONS = NO;
				ENABLE_STRICT_OBJC_MSGSEND = YES;
				GCC_C_LANGUAGE_STANDARD = gnu11;
				GCC_NO_COMMON_BLOCKS = YES;
				GCC_WARN_64_TO_32_BIT_CONVERSION = YES;
				GCC_WARN_ABOUT_RETURN_TYPE = YES_ERROR;
				GCC_WARN_UNDECLARED_SELECTOR = YES;
				GCC_WARN_UNINITIALIZED_AUTOS = YES_AGGRESSIVE;
				GCC_WARN_UNUSED_FUNCTION = YES;
				GCC_WARN_UNUSED_VARIABLE = YES;
				IPHONEOS_DEPLOYMENT_TARGET = 13.0;
				MTL_ENABLE_DEBUG_INFO = NO;
				MTL_FAST_MATH = YES;
				SDKROOT = iphoneos;
				SWIFT_COMPILATION_MODE = wholemodule;
				SWIFT_OPTIMIZATION_LEVEL = "-O";
				VALIDATE_PRODUCT = YES;
			};
			name = Release;
		};
		D16909822983660B00F8B1B4 /* Debug */ = {
			isa = XCBuildConfiguration;
			buildSettings = {
				ASSETCATALOG_COMPILER_APPICON_NAME = AppIcon;
				ASSETCATALOG_COMPILER_GLOBAL_ACCENT_COLOR_NAME = AccentColor;
				CODE_SIGN_STYLE = Automatic;
				CURRENT_PROJECT_VERSION = 1;
				GENERATE_INFOPLIST_FILE = YES;
				INFOPLIST_FILE = "imgur-gallery/Info.plist";
				INFOPLIST_KEY_UIApplicationSupportsIndirectInputEvents = YES;
				INFOPLIST_KEY_UILaunchStoryboardName = LaunchScreen;
				INFOPLIST_KEY_UISupportedInterfaceOrientations_iPad = "UIInterfaceOrientationPortrait UIInterfaceOrientationPortraitUpsideDown UIInterfaceOrientationLandscapeLeft UIInterfaceOrientationLandscapeRight";
				INFOPLIST_KEY_UISupportedInterfaceOrientations_iPhone = "UIInterfaceOrientationPortrait UIInterfaceOrientationLandscapeLeft UIInterfaceOrientationLandscapeRight";
				LD_RUNPATH_SEARCH_PATHS = (
					"$(inherited)",
					"@executable_path/Frameworks",
				);
				MARKETING_VERSION = 1.0;
				PRODUCT_BUNDLE_IDENTIFIER = "com.modinezcarlos.imgur-gallery";
				PRODUCT_NAME = "$(TARGET_NAME)";
				SWIFT_EMIT_LOC_STRINGS = YES;
				SWIFT_VERSION = 5.0;
				TARGETED_DEVICE_FAMILY = "1,2";
			};
			name = Debug;
		};
		D16909832983660B00F8B1B4 /* Release */ = {
			isa = XCBuildConfiguration;
			buildSettings = {
				ASSETCATALOG_COMPILER_APPICON_NAME = AppIcon;
				ASSETCATALOG_COMPILER_GLOBAL_ACCENT_COLOR_NAME = AccentColor;
				CODE_SIGN_STYLE = Automatic;
				CURRENT_PROJECT_VERSION = 1;
				GENERATE_INFOPLIST_FILE = YES;
				INFOPLIST_FILE = "imgur-gallery/Info.plist";
				INFOPLIST_KEY_UIApplicationSupportsIndirectInputEvents = YES;
				INFOPLIST_KEY_UILaunchStoryboardName = LaunchScreen;
				INFOPLIST_KEY_UISupportedInterfaceOrientations_iPad = "UIInterfaceOrientationPortrait UIInterfaceOrientationPortraitUpsideDown UIInterfaceOrientationLandscapeLeft UIInterfaceOrientationLandscapeRight";
				INFOPLIST_KEY_UISupportedInterfaceOrientations_iPhone = "UIInterfaceOrientationPortrait UIInterfaceOrientationLandscapeLeft UIInterfaceOrientationLandscapeRight";
				LD_RUNPATH_SEARCH_PATHS = (
					"$(inherited)",
					"@executable_path/Frameworks",
				);
				MARKETING_VERSION = 1.0;
				PRODUCT_BUNDLE_IDENTIFIER = "com.modinezcarlos.imgur-gallery";
				PRODUCT_NAME = "$(TARGET_NAME)";
				SWIFT_EMIT_LOC_STRINGS = YES;
				SWIFT_VERSION = 5.0;
				TARGETED_DEVICE_FAMILY = "1,2";
			};
			name = Release;
		};
		D16909852983660B00F8B1B4 /* Debug */ = {
			isa = XCBuildConfiguration;
			buildSettings = {
				ALWAYS_EMBED_SWIFT_STANDARD_LIBRARIES = YES;
				BUNDLE_LOADER = "$(TEST_HOST)";
				CODE_SIGN_STYLE = Automatic;
				CURRENT_PROJECT_VERSION = 1;
				GENERATE_INFOPLIST_FILE = YES;
				IPHONEOS_DEPLOYMENT_TARGET = 16.2;
				MARKETING_VERSION = 1.0;
				PRODUCT_BUNDLE_IDENTIFIER = "com.modinezcarlos.imgur-galleryTests";
				PRODUCT_NAME = "$(TARGET_NAME)";
				SWIFT_EMIT_LOC_STRINGS = NO;
				SWIFT_VERSION = 5.0;
				TARGETED_DEVICE_FAMILY = "1,2";
				TEST_HOST = "$(BUILT_PRODUCTS_DIR)/imgur-gallery.app/$(BUNDLE_EXECUTABLE_FOLDER_PATH)/imgur-gallery";
			};
			name = Debug;
		};
		D16909862983660B00F8B1B4 /* Release */ = {
			isa = XCBuildConfiguration;
			buildSettings = {
				ALWAYS_EMBED_SWIFT_STANDARD_LIBRARIES = YES;
				BUNDLE_LOADER = "$(TEST_HOST)";
				CODE_SIGN_STYLE = Automatic;
				CURRENT_PROJECT_VERSION = 1;
				GENERATE_INFOPLIST_FILE = YES;
				IPHONEOS_DEPLOYMENT_TARGET = 16.2;
				MARKETING_VERSION = 1.0;
				PRODUCT_BUNDLE_IDENTIFIER = "com.modinezcarlos.imgur-galleryTests";
				PRODUCT_NAME = "$(TARGET_NAME)";
				SWIFT_EMIT_LOC_STRINGS = NO;
				SWIFT_VERSION = 5.0;
				TARGETED_DEVICE_FAMILY = "1,2";
				TEST_HOST = "$(BUILT_PRODUCTS_DIR)/imgur-gallery.app/$(BUNDLE_EXECUTABLE_FOLDER_PATH)/imgur-gallery";
			};
			name = Release;
		};
		D16909882983660B00F8B1B4 /* Debug */ = {
			isa = XCBuildConfiguration;
			buildSettings = {
				ALWAYS_EMBED_SWIFT_STANDARD_LIBRARIES = YES;
				CODE_SIGN_STYLE = Automatic;
				CURRENT_PROJECT_VERSION = 1;
				GENERATE_INFOPLIST_FILE = YES;
				MARKETING_VERSION = 1.0;
				PRODUCT_BUNDLE_IDENTIFIER = "com.modinezcarlos.imgur-galleryUITests";
				PRODUCT_NAME = "$(TARGET_NAME)";
				SWIFT_EMIT_LOC_STRINGS = NO;
				SWIFT_VERSION = 5.0;
				TARGETED_DEVICE_FAMILY = "1,2";
				TEST_TARGET_NAME = "imgur-gallery";
			};
			name = Debug;
		};
		D16909892983660B00F8B1B4 /* Release */ = {
			isa = XCBuildConfiguration;
			buildSettings = {
				ALWAYS_EMBED_SWIFT_STANDARD_LIBRARIES = YES;
				CODE_SIGN_STYLE = Automatic;
				CURRENT_PROJECT_VERSION = 1;
				GENERATE_INFOPLIST_FILE = YES;
				MARKETING_VERSION = 1.0;
				PRODUCT_BUNDLE_IDENTIFIER = "com.modinezcarlos.imgur-galleryUITests";
				PRODUCT_NAME = "$(TARGET_NAME)";
				SWIFT_EMIT_LOC_STRINGS = NO;
				SWIFT_VERSION = 5.0;
				TARGETED_DEVICE_FAMILY = "1,2";
				TEST_TARGET_NAME = "imgur-gallery";
			};
			name = Release;
		};
/* End XCBuildConfiguration section */

/* Begin XCConfigurationList section */
		D16909522983660A00F8B1B4 /* Build configuration list for PBXProject "imgur-gallery" */ = {
			isa = XCConfigurationList;
			buildConfigurations = (
				D169097F2983660B00F8B1B4 /* Debug */,
				D16909802983660B00F8B1B4 /* Release */,
			);
			defaultConfigurationIsVisible = 0;
			defaultConfigurationName = Release;
		};
		D16909812983660B00F8B1B4 /* Build configuration list for PBXNativeTarget "imgur-gallery" */ = {
			isa = XCConfigurationList;
			buildConfigurations = (
				D16909822983660B00F8B1B4 /* Debug */,
				D16909832983660B00F8B1B4 /* Release */,
			);
			defaultConfigurationIsVisible = 0;
			defaultConfigurationName = Release;
		};
		D16909842983660B00F8B1B4 /* Build configuration list for PBXNativeTarget "imgur-galleryTests" */ = {
			isa = XCConfigurationList;
			buildConfigurations = (
				D16909852983660B00F8B1B4 /* Debug */,
				D16909862983660B00F8B1B4 /* Release */,
			);
			defaultConfigurationIsVisible = 0;
			defaultConfigurationName = Release;
		};
		D16909872983660B00F8B1B4 /* Build configuration list for PBXNativeTarget "imgur-galleryUITests" */ = {
			isa = XCConfigurationList;
			buildConfigurations = (
				D16909882983660B00F8B1B4 /* Debug */,
				D16909892983660B00F8B1B4 /* Release */,
			);
			defaultConfigurationIsVisible = 0;
			defaultConfigurationName = Release;
		};
/* End XCConfigurationList section */
	};
	rootObject = D169094F2983660A00F8B1B4 /* Project object */;
}
